
Microsoft Visual Studio Solution File, Format Version 12.00
# Visual Studio Version 17
VisualStudioVersion = 17.10.34928.147
MinimumVisualStudioVersion = 10.0.40219.1
Project("{FAE04EC0-301F-11D3-BF4B-00C04F79EFBC}") = "OAuthLoginAPI", "OAuthLoginAPI\OAuthLoginAPI.csproj", "{DB118E86-94FA-49CA-8BC7-37B1FCA429B3}"
EndProject
Global
	GlobalSection(SolutionConfigurationPlatforms) = preSolution
		Debug|Any CPU = Debug|Any CPU
		Release|Any CPU = Release|Any CPU
	EndGlobalSection
	GlobalSection(ProjectConfigurationPlatforms) = postSolution
		{DB118E86-94FA-49CA-8BC7-37B1FCA429B3}.Debug|Any CPU.ActiveCfg = Debug|Any CPU
		{DB118E86-94FA-49CA-8BC7-37B1FCA429B3}.Debug|Any CPU.Build.0 = Debug|Any CPU
		{DB118E86-94FA-49CA-8BC7-37B1FCA429B3}.Release|Any CPU.ActiveCfg = Release|Any CPU
		{DB118E86-94FA-49CA-8BC7-37B1FCA429B3}.Release|Any CPU.Build.0 = Release|Any CPU
	EndGlobalSection
	GlobalSection(SolutionProperties) = preSolution
		HideSolutionNode = FALSE
	EndGlobalSection
	GlobalSection(ExtensibilityGlobals) = postSolution
		SolutionGuid = {40C34B33-C30D-4B1F-8025-B5296B84A12D}
	EndGlobalSection
EndGlobal
